
Microsoft Visual Studio Solution File, Format Version 12.00
# Visual Studio Version 17
VisualStudioVersion = 17.3.32929.385
MinimumVisualStudioVersion = 10.0.40219.1
Project("{FAE04EC0-301F-11D3-BF4B-00C04F79EFBC}") = "OOAumentoSalarial", "OOAumentoSalarial\OOAumentoSalarial.csproj", "{FB714488-211C-4E3F-8A8D-D07F7D8DAC05}"
EndProject
Global
	GlobalSection(SolutionConfigurationPlatforms) = preSolution
		Debug|Any CPU = Debug|Any CPU
		Release|Any CPU = Release|Any CPU
	EndGlobalSection
	GlobalSection(ProjectConfigurationPlatforms) = postSolution
		{FB714488-211C-4E3F-8A8D-D07F7D8DAC05}.Debug|Any CPU.ActiveCfg = Debug|Any CPU
		{FB714488-211C-4E3F-8A8D-D07F7D8DAC05}.Debug|Any CPU.Build.0 = Debug|Any CPU
		{FB714488-211C-4E3F-8A8D-D07F7D8DAC05}.Release|Any CPU.ActiveCfg = Release|Any CPU
		{FB714488-211C-4E3F-8A8D-D07F7D8DAC05}.Release|Any CPU.Build.0 = Release|Any CPU
	EndGlobalSection
	GlobalSection(SolutionProperties) = preSolution
		HideSolutionNode = FALSE
	EndGlobalSection
	GlobalSection(ExtensibilityGlobals) = postSolution
		SolutionGuid = {CBF5B09E-019E-4A6C-8E84-92EA438EF2BB}
	EndGlobalSection
EndGlobal
